
Microsoft Visual Studio Solution File, Format Version 12.00
# Visual Studio Version 17
VisualStudioVersion = 17.0.31903.59
MinimumVisualStudioVersion = 10.0.40219.1
Project("{2150E333-8FDC-42A3-9474-1A3956D46DE8}") = "src", "src", "{827E0CD3-B72D-47B6-A68D-7590B98EB39B}"
EndProject
Project("{FAE04EC0-301F-11D3-BF4B-00C04F79EFBC}") = "FeedReader.Web", "src\FeedReader.Web.csproj", "{36A359A1-C6B1-4AE4-AFC1-702FAFC65ABB}"
EndProject
Project("{2150E333-8FDC-42A3-9474-1A3956D46DE8}") = "test", "test", "{0C88DD14-F956-CE84-757C-A364CCF449FC}"
EndProject
Project("{FAE04EC0-301F-11D3-BF4B-00C04F79EFBC}") = "FeedReader.Web.Tests", "test\FeedReader.Web.Tests.csproj", "{CC423E8E-2052-4CCC-9D8F-9FD2FEF4FD4B}"
EndProject
Global
	GlobalSection(SolutionConfigurationPlatforms) = preSolution
		Debug|Any CPU = Debug|Any CPU
		Debug|x64 = Debug|x64
		Debug|x86 = Debug|x86
		Release|Any CPU = Release|Any CPU
		Release|x64 = Release|x64
		Release|x86 = Release|x86
	EndGlobalSection
	GlobalSection(ProjectConfigurationPlatforms) = postSolution
		{36A359A1-C6B1-4AE4-AFC1-702FAFC65ABB}.Debug|Any CPU.ActiveCfg = Debug|Any CPU
		{36A359A1-C6B1-4AE4-AFC1-702FAFC65ABB}.Debug|Any CPU.Build.0 = Debug|Any CPU
		{36A359A1-C6B1-4AE4-AFC1-702FAFC65ABB}.Debug|x64.ActiveCfg = Debug|Any CPU
		{36A359A1-C6B1-4AE4-AFC1-702FAFC65ABB}.Debug|x64.Build.0 = Debug|Any CPU
		{36A359A1-C6B1-4AE4-AFC1-702FAFC65ABB}.Debug|x86.ActiveCfg = Debug|Any CPU
		{36A359A1-C6B1-4AE4-AFC1-702FAFC65ABB}.Debug|x86.Build.0 = Debug|Any CPU
		{36A359A1-C6B1-4AE4-AFC1-702FAFC65ABB}.Release|Any CPU.ActiveCfg = Release|Any CPU
		{36A359A1-C6B1-4AE4-AFC1-702FAFC65ABB}.Release|Any CPU.Build.0 = Release|Any CPU
		{36A359A1-C6B1-4AE4-AFC1-702FAFC65ABB}.Release|x64.ActiveCfg = Release|Any CPU
		{36A359A1-C6B1-4AE4-AFC1-702FAFC65ABB}.Release|x64.Build.0 = Release|Any CPU
		{36A359A1-C6B1-4AE4-AFC1-702FAFC65ABB}.Release|x86.ActiveCfg = Release|Any CPU
		{36A359A1-C6B1-4AE4-AFC1-702FAFC65ABB}.Release|x86.Build.0 = Release|Any CPU
		{CC423E8E-2052-4CCC-9D8F-9FD2FEF4FD4B}.Debug|Any CPU.ActiveCfg = Debug|Any CPU
		{CC423E8E-2052-4CCC-9D8F-9FD2FEF4FD4B}.Debug|Any CPU.Build.0 = Debug|Any CPU
		{CC423E8E-2052-4CCC-9D8F-9FD2FEF4FD4B}.Debug|x64.ActiveCfg = Debug|Any CPU
		{CC423E8E-2052-4CCC-9D8F-9FD2FEF4FD4B}.Debug|x64.Build.0 = Debug|Any CPU
		{CC423E8E-2052-4CCC-9D8F-9FD2FEF4FD4B}.Debug|x86.ActiveCfg = Debug|Any CPU
		{CC423E8E-2052-4CCC-9D8F-9FD2FEF4FD4B}.Debug|x86.Build.0 = Debug|Any CPU
		{CC423E8E-2052-4CCC-9D8F-9FD2FEF4FD4B}.Release|Any CPU.ActiveCfg = Release|Any CPU
		{CC423E8E-2052-4CCC-9D8F-9FD2FEF4FD4B}.Release|Any CPU.Build.0 = Release|Any CPU
		{CC423E8E-2052-4CCC-9D8F-9FD2FEF4FD4B}.Release|x64.ActiveCfg = Release|Any CPU
		{CC423E8E-2052-4CCC-9D8F-9FD2FEF4FD4B}.Release|x64.Build.0 = Release|Any CPU
		{CC423E8E-2052-4CCC-9D8F-9FD2FEF4FD4B}.Release|x86.ActiveCfg = Release|Any CPU
		{CC423E8E-2052-4CCC-9D8F-9FD2FEF4FD4B}.Release|x86.Build.0 = Release|Any CPU
	EndGlobalSection
	GlobalSection(SolutionProperties) = preSolution
		HideSolutionNode = FALSE
	EndGlobalSection
	GlobalSection(NestedProjects) = preSolution
		{36A359A1-C6B1-4AE4-AFC1-702FAFC65ABB} = {827E0CD3-B72D-47B6-A68D-7590B98EB39B}
		{CC423E8E-2052-4CCC-9D8F-9FD2FEF4FD4B} = {0C88DD14-F956-CE84-757C-A364CCF449FC}
	EndGlobalSection
EndGlobal
